
Microsoft Visual Studio Solution File, Format Version 12.00
# Visual Studio Version 17
VisualStudioVersion = 17.12.35527.113 d17.12
MinimumVisualStudioVersion = 10.0.40219.1
Project("{FAE04EC0-301F-11D3-BF4B-00C04F79EFBC}") = "C43-G05-OOP03-Demo", "C43-G05-OOP03\C43-G05-OOP03-Demo.csproj", "{F5F460E9-9D39-4447-9B31-5C3F0175070E}"
EndProject
Project("{FAE04EC0-301F-11D3-BF4B-00C04F79EFBC}") = "C43-G05-OOP03-Assignment", "C43-G05-OOP03-Assignment\C43-G05-OOP03-Assignment.csproj", "{7AE160CC-3B46-4309-A63C-0EC9ED516881}"
EndProject
Global
	GlobalSection(SolutionConfigurationPlatforms) = preSolution
		Debug|Any CPU = Debug|Any CPU
		Release|Any CPU = Release|Any CPU
	EndGlobalSection
	GlobalSection(ProjectConfigurationPlatforms) = postSolution
		{F5F460E9-9D39-4447-9B31-5C3F0175070E}.Debug|Any CPU.ActiveCfg = Debug|Any CPU
		{F5F460E9-9D39-4447-9B31-5C3F0175070E}.Debug|Any CPU.Build.0 = Debug|Any CPU
		{F5F460E9-9D39-4447-9B31-5C3F0175070E}.Release|Any CPU.ActiveCfg = Release|Any CPU
		{F5F460E9-9D39-4447-9B31-5C3F0175070E}.Release|Any CPU.Build.0 = Release|Any CPU
		{7AE160CC-3B46-4309-A63C-0EC9ED516881}.Debug|Any CPU.ActiveCfg = Debug|Any CPU
		{7AE160CC-3B46-4309-A63C-0EC9ED516881}.Debug|Any CPU.Build.0 = Debug|Any CPU
		{7AE160CC-3B46-4309-A63C-0EC9ED516881}.Release|Any CPU.ActiveCfg = Release|Any CPU
		{7AE160CC-3B46-4309-A63C-0EC9ED516881}.Release|Any CPU.Build.0 = Release|Any CPU
	EndGlobalSection
	GlobalSection(SolutionProperties) = preSolution
		HideSolutionNode = FALSE
	EndGlobalSection
EndGlobal
